// !$*UTF8*$!
{
	archiveVersion = 1;
	classes = {
	};
	objectVersion = 48;
	objects = {

/* Begin PBXBuildFile section */
		51439F1020435FA800BEC1CD /* dingcorrect.wav in Resources */ = {isa = PBXBuildFile; fileRef = 51439F0C20435FA800BEC1CD /* dingcorrect.wav */; };
		51439F1120435FA800BEC1CD /* dingwrong.wav in Resources */ = {isa = PBXBuildFile; fileRef = 51439F0D20435FA800BEC1CD /* dingwrong.wav */; };
		51439F1220435FA800BEC1CD /* cardflip.wav in Resources */ = {isa = PBXBuildFile; fileRef = 51439F0E20435FA800BEC1CD /* cardflip.wav */; };
		51439F1320435FA800BEC1CD /* shuffle.wav in Resources */ = {isa = PBXBuildFile; fileRef = 51439F0F20435FA800BEC1CD /* shuffle.wav */; };
		51439F1620435FFB00BEC1CD /* AVFoundation.framework in Frameworks */ = {isa = PBXBuildFile; fileRef = 51439F1520435FFB00BEC1CD /* AVFoundation.framework */; };
		51439F182043603F00BEC1CD /* SoundManager.swift in Sources */ = {isa = PBXBuildFile; fileRef = 51439F172043603F00BEC1CD /* SoundManager.swift */; };
		514FB076202A49D700BA5A4A /* AppDelegate.swift in Sources */ = {isa = PBXBuildFile; fileRef = 514FB075202A49D700BA5A4A /* AppDelegate.swift */; };
		514FB078202A49D700BA5A4A /* ViewController.swift in Sources */ = {isa = PBXBuildFile; fileRef = 514FB077202A49D700BA5A4A /* ViewController.swift */; };
		514FB07B202A49D700BA5A4A /* Main.storyboard in Resources */ = {isa = PBXBuildFile; fileRef = 514FB079202A49D700BA5A4A /* Main.storyboard */; };
		514FB07D202A49D700BA5A4A /* Assets.xcassets in Resources */ = {isa = PBXBuildFile; fileRef = 514FB07C202A49D700BA5A4A /* Assets.xcassets */; };
		514FB080202A49D700BA5A4A /* LaunchScreen.storyboard in Resources */ = {isa = PBXBuildFile; fileRef = 514FB07E202A49D700BA5A4A /* LaunchScreen.storyboard */; };
		514FB088202A4F5D00BA5A4A /* CardModel.swift in Sources */ = {isa = PBXBuildFile; fileRef = 514FB087202A4F5D00BA5A4A /* CardModel.swift */; };
		514FB08A202A50ED00BA5A4A /* Card.swift in Sources */ = {isa = PBXBuildFile; fileRef = 514FB089202A50ED00BA5A4A /* Card.swift */; };
		514FB08C202A55D700BA5A4A /* CardCollectionViewCell.swift in Sources */ = {isa = PBXBuildFile; fileRef = 514FB08B202A55D700BA5A4A /* CardCollectionViewCell.swift */; };
/* End PBXBuildFile section */

/* Begin PBXFileReference section */
		51439F0C20435FA800BEC1CD /* dingcorrect.wav */ = {isa = PBXFileReference; lastKnownFileType = audio.wav; path = dingcorrect.wav; sourceTree = "<group>"; };
		51439F0D20435FA800BEC1CD /* dingwrong.wav */ = {isa = PBXFileReference; lastKnownFileType = audio.wav; path = dingwrong.wav; sourceTree = "<group>"; };
		51439F0E20435FA800BEC1CD /* cardflip.wav */ = {isa = PBXFileReference; lastKnownFileType = audio.wav; path = cardflip.wav; sourceTree = "<group>"; };
		51439F0F20435FA800BEC1CD /* shuffle.wav */ = {isa = PBXFileReference; lastKnownFileType = audio.wav; path = shuffle.wav; sourceTree = "<group>"; };
		51439F1520435FFB00BEC1CD /* AVFoundation.framework */ = {isa = PBXFileReference; lastKnownFileType = wrapper.framework; name = AVFoundation.framework; path = System/Library/Frameworks/AVFoundation.framework; sourceTree = SDKROOT; };
		51439F172043603F00BEC1CD /* SoundManager.swift */ = {isa = PBXFileReference; lastKnownFileType = sourcecode.swift; path = SoundManager.swift; sourceTree = "<group>"; };
		514FB072202A49D700BA5A4A /* Match App.app */ = {isa = PBXFileReference; explicitFileType = wrapper.application; includeInIndex = 0; path = "Match App.app"; sourceTree = BUILT_PRODUCTS_DIR; };
		514FB075202A49D700BA5A4A /* AppDelegate.swift */ = {isa = PBXFileReference; lastKnownFileType = sourcecode.swift; path = AppDelegate.swift; sourceTree = "<group>"; };
		514FB077202A49D700BA5A4A /* ViewController.swift */ = {isa = PBXFileReference; lastKnownFileType = sourcecode.swift; path = ViewController.swift; sourceTree = "<group>"; };
		514FB07A202A49D700BA5A4A /* Base */ = {isa = PBXFileReference; lastKnownFileType = file.storyboard; name = Base; path = Base.lproj/Main.storyboard; sourceTree = "<group>"; };
		514FB07C202A49D700BA5A4A /* Assets.xcassets */ = {isa = PBXFileReference; lastKnownFileType = folder.assetcatalog; path = Assets.xcassets; sourceTree = "<group>"; };
		514FB07F202A49D700BA5A4A /* Base */ = {isa = PBXFileReference; lastKnownFileType = file.storyboard; name = Base; path = Base.lproj/LaunchScreen.storyboard; sourceTree = "<group>"; };
		514FB081202A49D700BA5A4A /* Info.plist */ = {isa = PBXFileReference; lastKnownFileType = text.plist.xml; path = Info.plist; sourceTree = "<group>"; };
		514FB087202A4F5D00BA5A4A /* CardModel.swift */ = {isa = PBXFileReference; lastKnownFileType = sourcecode.swift; path = CardModel.swift; sourceTree = "<group>"; };
		514FB089202A50ED00BA5A4A /* Card.swift */ = {isa = PBXFileReference; lastKnownFileType = sourcecode.swift; path = Card.swift; sourceTree = "<group>"; };
		514FB08B202A55D700BA5A4A /* CardCollectionViewCell.swift */ = {isa = PBXFileReference; lastKnownFileType = sourcecode.swift; path = CardCollectionViewCell.swift; sourceTree = "<group>"; };
/* End PBXFileReference section */

/* Begin PBXFrameworksBuildPhase section */
		514FB06F202A49D700BA5A4A /* Frameworks */ = {
			isa = PBXFrameworksBuildPhase;
			buildActionMask = 2147483647;
			files = (
				51439F1620435FFB00BEC1CD /* AVFoundation.framework in Frameworks */,
			);
			runOnlyForDeploymentPostprocessing = 0;
		};
/* End PBXFrameworksBuildPhase section */

/* Begin PBXGroup section */
		51439F0B20435F7F00BEC1CD /* Sounds */ = {
			isa = PBXGroup;
			children = (
				51439F0E20435FA800BEC1CD /* cardflip.wav */,
				51439F0C20435FA800BEC1CD /* dingcorrect.wav */,
				51439F0D20435FA800BEC1CD /* dingwrong.wav */,
				51439F0F20435FA800BEC1CD /* shuffle.wav */,
			);
			path = Sounds;
			sourceTree = "<group>";
		};
		51439F1420435FFB00BEC1CD /* Frameworks */ = {
			isa = PBXGroup;
			children = (
				51439F1520435FFB00BEC1CD /* AVFoundation.framework */,
			);
			name = Frameworks;
			sourceTree = "<group>";
		};
		514FB069202A49D700BA5A4A = {
			isa = PBXGroup;
			children = (
				514FB074202A49D700BA5A4A /* Match App */,
				514FB073202A49D700BA5A4A /* Products */,
				51439F1420435FFB00BEC1CD /* Frameworks */,
			);
			sourceTree = "<group>";
		};
		514FB073202A49D700BA5A4A /* Products */ = {
			isa = PBXGroup;
			children = (
				514FB072202A49D700BA5A4A /* Match App.app */,
			);
			name = Products;
			sourceTree = "<group>";
		};
		514FB074202A49D700BA5A4A /* Match App */ = {
			isa = PBXGroup;
			children = (
				51439F0B20435F7F00BEC1CD /* Sounds */,
				514FB075202A49D700BA5A4A /* AppDelegate.swift */,
				514FB077202A49D700BA5A4A /* ViewController.swift */,
				514FB087202A4F5D00BA5A4A /* CardModel.swift */,
				514FB089202A50ED00BA5A4A /* Card.swift */,
				514FB08B202A55D700BA5A4A /* CardCollectionViewCell.swift */,
				514FB079202A49D700BA5A4A /* Main.storyboard */,
				514FB07C202A49D700BA5A4A /* Assets.xcassets */,
				514FB07E202A49D700BA5A4A /* LaunchScreen.storyboard */,
				514FB081202A49D700BA5A4A /* Info.plist */,
				51439F172043603F00BEC1CD /* SoundManager.swift */,
			);
			path = "Match App";
			sourceTree = "<group>";
		};
/* End PBXGroup section */

/* Begin PBXNativeTarget section */
		514FB071202A49D700BA5A4A /* Match App */ = {
			isa = PBXNativeTarget;
			buildConfigurationList = 514FB084202A49D700BA5A4A /* Build configuration list for PBXNativeTarget "Match App" */;
			buildPhases = (
				514FB06E202A49D700BA5A4A /* Sources */,
				514FB06F202A49D700BA5A4A /* Frameworks */,
				514FB070202A49D700BA5A4A /* Resources */,
			);
			buildRules = (
			);
			dependencies = (
			);
			name = "Match App";
			productName = "Match App";
			productReference = 514FB072202A49D700BA5A4A /* Match App.app */;
			productType = "com.apple.product-type.application";
		};
/* End PBXNativeTarget section */

/* Begin PBXProject section */
		514FB06A202A49D700BA5A4A /* Project object */ = {
			isa = PBXProject;
			attributes = {
				LastSwiftUpdateCheck = 0920;
				LastUpgradeCheck = 1020;
				ORGANIZATIONNAME = "Brayden Paley";
				TargetAttributes = {
					514FB071202A49D700BA5A4A = {
						CreatedOnToolsVersion = 9.2;
						ProvisioningStyle = Automatic;
					};
				};
			};
			buildConfigurationList = 514FB06D202A49D700BA5A4A /* Build configuration list for PBXProject "Match App" */;
			compatibilityVersion = "Xcode 8.0";
			developmentRegion = en;
			hasScannedForEncodings = 0;
			knownRegions = (
				en,
				Base,
			);
			mainGroup = 514FB069202A49D700BA5A4A;
			productRefGroup = 514FB073202A49D700BA5A4A /* Products */;
			projectDirPath = "";
			projectRoot = "";
			targets = (
				514FB071202A49D700BA5A4A /* Match App */,
			);
		};
/* End PBXProject section */

/* Begin PBXResourcesBuildPhase section */
		514FB070202A49D700BA5A4A /* Resources */ = {
			isa = PBXResourcesBuildPhase;
			buildActionMask = 2147483647;
			files = (
				514FB080202A49D700BA5A4A /* LaunchScreen.storyboard in Resources */,
				51439F1120435FA800BEC1CD /* dingwrong.wav in Resources */,
				514FB07D202A49D700BA5A4A /* Assets.xcassets in Resources */,
				51439F1320435FA800BEC1CD /* shuffle.wav in Resources */,
				514FB07B202A49D700BA5A4A /* Main.storyboard in Resources */,
				51439F1020435FA800BEC1CD /* dingcorrect.wav in Resources */,
				51439F1220435FA800BEC1CD /* cardflip.wav in Resources */,
			);
			runOnlyForDeploymentPostprocessing = 0;
		};
/* End PBXResourcesBuildPhase section */

/* Begin PBXSourcesBuildPhase section */
		514FB06E202A49D700BA5A4A /* Sources */ = {
			isa = PBXSourcesBuildPhase;
			buildActionMask = 2147483647;
			files = (
				514FB078202A49D700BA5A4A /* ViewController.swift in Sources */,
				514FB076202A49D700BA5A4A /* AppDelegate.swift in Sources */,
				514FB088202A4F5D00BA5A4A /* CardModel.swift in Sources */,
				514FB08C202A55D700BA5A4A /* CardCollectionViewCell.swift in Sources */,
				514FB08A202A50ED00BA5A4A /* Card.swift in Sources */,
				51439F182043603F00BEC1CD /* SoundManager.swift in Sources */,
			);
			runOnlyForDeploymentPostprocessing = 0;
		};
/* End PBXSourcesBuildPhase section */

/* Begin PBXVariantGroup section */
		514FB079202A49D700BA5A4A /* Main.storyboard */ = {
			isa = PBXVariantGroup;
			children = (
				514FB07A202A49D700BA5A4A /* Base */,
			);
			name = Main.storyboard;
			sourceTree = "<group>";
		};
		514FB07E202A49D700BA5A4A /* LaunchScreen.storyboard */ = {
			isa = PBXVariantGroup;
			children = (
				514FB07F202A49D700BA5A4A /* Base */,
			);
			name = LaunchScreen.storyboard;
			sourceTree = "<group>";
		};
/* End PBXVariantGroup section */

/* Begin XCBuildConfiguration section */
		514FB082202A49D700BA5A4A /* Debug */ = {
			isa = XCBuildConfiguration;
			buildSettings = {
				ALWAYS_SEARCH_USER_PATHS = NO;
				CLANG_ANALYZER_NONNULL = YES;
				CLANG_ANALYZER_NUMBER_OBJECT_CONVERSION = YES_AGGRESSIVE;
				CLANG_CXX_LANGUAGE_STANDARD = "gnu++14";
				CLANG_CXX_LIBRARY = "libc++";
				CLANG_ENABLE_MODULES = YES;
				CLANG_ENABLE_OBJC_ARC = YES;
				CLANG_WARN_BLOCK_CAPTURE_AUTORELEASING = YES;
				CLANG_WARN_BOOL_CONVERSION = YES;
				CLANG_WARN_COMMA = YES;
				CLANG_WARN_CONSTANT_CONVERSION = YES;
				CLANG_WARN_DEPRECATED_OBJC_IMPLEMENTATIONS = YES;
				CLANG_WARN_DIRECT_OBJC_ISA_USAGE = YES_ERROR;
				CLANG_WARN_DOCUMENTATION_COMMENTS = YES;
				CLANG_WARN_EMPTY_BODY = YES;
				CLANG_WARN_ENUM_CONVERSION = YES;
				CLANG_WARN_INFINITE_RECURSION = YES;
				CLANG_WARN_INT_CONVERSION = YES;
				CLANG_WARN_NON_LITERAL_NULL_CONVERSION = YES;
				CLANG_WARN_OBJC_IMPLICIT_RETAIN_SELF = YES;
				CLANG_WARN_OBJC_LITERAL_CONVERSION = YES;
				CLANG_WARN_OBJC_ROOT_CLASS = YES_ERROR;
				CLANG_WARN_RANGE_LOOP_ANALYSIS = YES;
				CLANG_WARN_STRICT_PROTOTYPES = YES;
				CLANG_WARN_SUSPICIOUS_MOVE = YES;
				CLANG_WARN_UNGUARDED_AVAILABILITY = YES_AGGRESSIVE;
				CLANG_WARN_UNREACHABLE_CODE = YES;
				CLANG_WARN__DUPLICATE_METHOD_MATCH = YES;
				CODE_SIGN_IDENTITY = "iPhone Developer";
				COPY_PHASE_STRIP = NO;
				DEBUG_INFORMATION_FORMAT = dwarf;
				ENABLE_STRICT_OBJC_MSGSEND = YES;
				ENABLE_TESTABILITY = YES;
				GCC_C_LANGUAGE_STANDARD = gnu11;
				GCC_DYNAMIC_NO_PIC = NO;
				GCC_NO_COMMON_BLOCKS = YES;
				GCC_OPTIMIZATION_LEVEL = 0;
				GCC_PREPROCESSOR_DEFINITIONS = (
					"DEBUG=1",
					"$(inherited)",
				);
				GCC_WARN_64_TO_32_BIT_CONVERSION = YES;
				GCC_WARN_ABOUT_RETURN_TYPE = YES_ERROR;
				GCC_WARN_UNDECLARED_SELECTOR = YES;
				GCC_WARN_UNINITIALIZED_AUTOS = YES_AGGRESSIVE;
				GCC_WARN_UNUSED_FUNCTION = YES;
				GCC_WARN_UNUSED_VARIABLE = YES;
				IPHONEOS_DEPLOYMENT_TARGET = 11.2;
				MTL_ENABLE_DEBUG_INFO = YES;
				ONLY_ACTIVE_ARCH = YES;
				SDKROOT = iphoneos;
				SWIFT_ACTIVE_COMPILATION_CONDITIONS = DEBUG;
				SWIFT_OPTIMIZATION_LEVEL = "-Onone";
			};
			name = Debug;
		};
		514FB083202A49D700BA5A4A /* Release */ = {
			isa = XCBuildConfiguration;
			buildSettings = {
				ALWAYS_SEARCH_USER_PATHS = NO;
				CLANG_ANALYZER_NONNULL = YES;
				CLANG_ANALYZER_NUMBER_OBJECT_CONVERSION = YES_AGGRESSIVE;
				CLANG_CXX_LANGUAGE_STANDARD = "gnu++14";
				CLANG_CXX_LIBRARY = "libc++";
				CLANG_ENABLE_MODULES = YES;
				CLANG_ENABLE_OBJC_ARC = YES;
				CLANG_WARN_BLOCK_CAPTURE_AUTORELEASING = YES;
				CLANG_WARN_BOOL_CONVERSION = YES;
				CLANG_WARN_COMMA = YES;
				CLANG_WARN_CONSTANT_CONVERSION = YES;
				CLANG_WARN_DEPRECATED_OBJC_IMPLEMENTATIONS = YES;
				CLANG_WARN_DIRECT_OBJC_ISA_USAGE = YES_ERROR;
				CLANG_WARN_DOCUMENTATION_COMMENTS = YES;
				CLANG_WARN_EMPTY_BODY = YES;
				CLANG_WARN_ENUM_CONVERSION = YES;
				CLANG_WARN_INFINITE_RECURSION = YES;
				CLANG_WARN_INT_CONVERSION = YES;
				CLANG_WARN_NON_LITERAL_NULL_CONVERSION = YES;
				CLANG_WARN_OBJC_IMPLICIT_RETAIN_SELF = YES;
				CLANG_WARN_OBJC_LITERAL_CONVERSION = YES;
				CLANG_WARN_OBJC_ROOT_CLASS = YES_ERROR;
				CLANG_WARN_RANGE_LOOP_ANALYSIS = YES;
				CLANG_WARN_STRICT_PROTOTYPES = YES;
				CLANG_WARN_SUSPICIOUS_MOVE = YES;
				CLANG_WARN_UNGUARDED_AVAILABILITY = YES_AGGRESSIVE;
				CLANG_WARN_UNREACHABLE_CODE = YES;
				CLANG_WARN__DUPLICATE_METHOD_MATCH = YES;
				CODE_SIGN_IDENTITY = "iPhone Developer";
				COPY_PHASE_STRIP = NO;
				DEBUG_INFORMATION_FORMAT = "dwarf-with-dsym";
				ENABLE_NS_ASSERTIONS = NO;
				ENABLE_STRICT_OBJC_MSGSEND = YES;
				GCC_C_LANGUAGE_STANDARD = gnu11;
				GCC_NO_COMMON_BLOCKS = YES;
				GCC_WARN_64_TO_32_BIT_CONVERSION = YES;
				GCC_WARN_ABOUT_RETURN_TYPE = YES_ERROR;
				GCC_WARN_UNDECLARED_SELECTOR = YES;
				GCC_WARN_UNINITIALIZED_AUTOS = YES_AGGRESSIVE;
				GCC_WARN_UNUSED_FUNCTION = YES;
				GCC_WARN_UNUSED_VARIABLE = YES;
				IPHONEOS_DEPLOYMENT_TARGET = 11.2;
				MTL_ENABLE_DEBUG_INFO = NO;
				SDKROOT = iphoneos;
				SWIFT_OPTIMIZATION_LEVEL = "-Owholemodule";
				VALIDATE_PRODUCT = YES;
			};
			name = Release;
		};
		514FB085202A49D700BA5A4A /* Debug */ = {
			isa = XCBuildConfiguration;
			buildSettings = {
				ASSETCATALOG_COMPILER_APPICON_NAME = AppIcon;
				CODE_SIGN_STYLE = Automatic;
				DEVELOPMENT_TEAM = 78RXXXVYXH;
				INFOPLIST_FILE = "Match App/Info.plist";
				LD_RUNPATH_SEARCH_PATHS = "$(inherited) @executable_path/Frameworks";
				PRODUCT_BUNDLE_IDENTIFIER = "com.BraydenPaley.Match-App";
				PRODUCT_NAME = "$(TARGET_NAME)";
				SWIFT_VERSION = 4.0;
				TARGETED_DEVICE_FAMILY = "1,2";
			};
			name = Debug;
		};
		514FB086202A49D700BA5A4A /* Release */ = {
			isa = XCBuildConfiguration;
			buildSettings = {
				ASSETCATALOG_COMPILER_APPICON_NAME = AppIcon;
				CODE_SIGN_STYLE = Automatic;
				DEVELOPMENT_TEAM = 78RXXXVYXH;
				INFOPLIST_FILE = "Match App/Info.plist";
				LD_RUNPATH_SEARCH_PATHS = "$(inherited) @executable_path/Frameworks";
				PRODUCT_BUNDLE_IDENTIFIER = "com.BraydenPaley.Match-App";
				PRODUCT_NAME = "$(TARGET_NAME)";
				SWIFT_VERSION = 4.0;
				TARGETED_DEVICE_FAMILY = "1,2";
			};
			name = Release;
		};
/* End XCBuildConfiguration section */

/* Begin XCConfigurationList section */
		514FB06D202A49D700BA5A4A /* Build configuration list for PBXProject "Match App" */ = {
			isa = XCConfigurationList;
			buildConfigurations = (
				514FB082202A49D700BA5A4A /* Debug */,
				514FB083202A49D700BA5A4A /* Release */,
			);
			defaultConfigurationIsVisible = 0;
			defaultConfigurationName = Release;
		};
		514FB084202A49D700BA5A4A /* Build configuration list for PBXNativeTarget "Match App" */ = {
			isa = XCConfigurationList;
			buildConfigurations = (
				514FB085202A49D700BA5A4A /* Debug */,
				514FB086202A49D700BA5A4A /* Release */,
			);
			defaultConfigurationIsVisible = 0;
			defaultConfigurationName = Release;
		};
/* End XCConfigurationList section */
	};
	rootObject = 514FB06A202A49D700BA5A4A /* Project object */;
}
